
Microsoft Visual Studio Solution File, Format Version 12.00
# Visual Studio 15
VisualStudioVersion = 15.0.27130.2024
MinimumVisualStudioVersion = 10.0.40219.1
Project("{FAE04EC0-301F-11D3-BF4B-00C04F79EFBC}") = "Fairy", "Fairy\Fairy.csproj", "{8989D7A1-3390-401B-8A5C-A8E0A79F4824}"
EndProject
Global
	GlobalSection(SolutionConfigurationPlatforms) = preSolution
		Debug|Any CPU = Debug|Any CPU
		Release|Any CPU = Release|Any CPU
	EndGlobalSection
	GlobalSection(ProjectConfigurationPlatforms) = postSolution
		{8989D7A1-3390-401B-8A5C-A8E0A79F4824}.Debug|Any CPU.ActiveCfg = Debug|Any CPU
		{8989D7A1-3390-401B-8A5C-A8E0A79F4824}.Debug|Any CPU.Build.0 = Debug|Any CPU
		{8989D7A1-3390-401B-8A5C-A8E0A79F4824}.Release|Any CPU.ActiveCfg = Release|Any CPU
		{8989D7A1-3390-401B-8A5C-A8E0A79F4824}.Release|Any CPU.Build.0 = Release|Any CPU
	EndGlobalSection
	GlobalSection(SolutionProperties) = preSolution
		HideSolutionNode = FALSE
	EndGlobalSection
	GlobalSection(ExtensibilityGlobals) = postSolution
		SolutionGuid = {4F2836D6-5622-4A54-8866-3EF85F1D5E0E}
	EndGlobalSection
EndGlobal
